// !$*UTF8*$!
{
	archiveVersion = 1;
	classes = {
	};
	objectVersion = 56;
	objects = {

/* Begin PBXBuildFile section */
		AA110D362B71F8810089A4D9 /* FirebaseSetup.swift in Sources */ = {isa = PBXBuildFile; fileRef = AA110D352B71F8810089A4D9 /* FirebaseSetup.swift */; };
		AAF543072B71E1B600695EB9 /* CourseSchedulerApp.swift in Sources */ = {isa = PBXBuildFile; fileRef = AAF543062B71E1B600695EB9 /* CourseSchedulerApp.swift */; };
		AAF543092B71E1B600695EB9 /* ContentView.swift in Sources */ = {isa = PBXBuildFile; fileRef = AAF543082B71E1B600695EB9 /* ContentView.swift */; };
		AAF5430B2B71E1CC00695EB9 /* Assets.xcassets in Resources */ = {isa = PBXBuildFile; fileRef = AAF5430A2B71E1CC00695EB9 /* Assets.xcassets */; };
		AAF5430E2B71E1CC00695EB9 /* Preview Assets.xcassets in Resources */ = {isa = PBXBuildFile; fileRef = AAF5430D2B71E1CC00695EB9 /* Preview Assets.xcassets */; };
		AAF543182B71E1CD00695EB9 /* CourseSchedulerTests.swift in Sources */ = {isa = PBXBuildFile; fileRef = AAF543172B71E1CD00695EB9 /* CourseSchedulerTests.swift */; };
		AAF543222B71E1CD00695EB9 /* CourseSchedulerUITests.swift in Sources */ = {isa = PBXBuildFile; fileRef = AAF543212B71E1CD00695EB9 /* CourseSchedulerUITests.swift */; };
		AAF543242B71E1CD00695EB9 /* CourseSchedulerUITestsLaunchTests.swift in Sources */ = {isa = PBXBuildFile; fileRef = AAF543232B71E1CD00695EB9 /* CourseSchedulerUITestsLaunchTests.swift */; };
/* End PBXBuildFile section */

/* Begin PBXContainerItemProxy section */
		AAF543142B71E1CD00695EB9 /* PBXContainerItemProxy */ = {
			isa = PBXContainerItemProxy;
			containerPortal = AAF542FB2B71E1B600695EB9 /* Project object */;
			proxyType = 1;
			remoteGlobalIDString = AAF543022B71E1B600695EB9;
			remoteInfo = CourseScheduler;
		};
		AAF5431E2B71E1CD00695EB9 /* PBXContainerItemProxy */ = {
			isa = PBXContainerItemProxy;
			containerPortal = AAF542FB2B71E1B600695EB9 /* Project object */;
			proxyType = 1;
			remoteGlobalIDString = AAF543022B71E1B600695EB9;
			remoteInfo = CourseScheduler;
		};
/* End PBXContainerItemProxy section */

/* Begin PBXFileReference section */
		AA110D352B71F8810089A4D9 /* FirebaseSetup.swift */ = {isa = PBXFileReference; lastKnownFileType = sourcecode.swift; path = FirebaseSetup.swift; sourceTree = "<group>"; };
		AAF543032B71E1B600695EB9 /* CourseScheduler.app */ = {isa = PBXFileReference; explicitFileType = wrapper.application; includeInIndex = 0; path = CourseScheduler.app; sourceTree = BUILT_PRODUCTS_DIR; };
		AAF543062B71E1B600695EB9 /* CourseSchedulerApp.swift */ = {isa = PBXFileReference; lastKnownFileType = sourcecode.swift; path = CourseSchedulerApp.swift; sourceTree = "<group>"; };
		AAF543082B71E1B600695EB9 /* ContentView.swift */ = {isa = PBXFileReference; lastKnownFileType = sourcecode.swift; path = ContentView.swift; sourceTree = "<group>"; };
		AAF5430A2B71E1CC00695EB9 /* Assets.xcassets */ = {isa = PBXFileReference; lastKnownFileType = folder.assetcatalog; path = Assets.xcassets; sourceTree = "<group>"; };
		AAF5430D2B71E1CC00695EB9 /* Preview Assets.xcassets */ = {isa = PBXFileReference; lastKnownFileType = folder.assetcatalog; path = "Preview Assets.xcassets"; sourceTree = "<group>"; };
		AAF543132B71E1CD00695EB9 /* CourseSchedulerTests.xctest */ = {isa = PBXFileReference; explicitFileType = wrapper.cfbundle; includeInIndex = 0; path = CourseSchedulerTests.xctest; sourceTree = BUILT_PRODUCTS_DIR; };
		AAF543172B71E1CD00695EB9 /* CourseSchedulerTests.swift */ = {isa = PBXFileReference; lastKnownFileType = sourcecode.swift; path = CourseSchedulerTests.swift; sourceTree = "<group>"; };
		AAF5431D2B71E1CD00695EB9 /* CourseSchedulerUITests.xctest */ = {isa = PBXFileReference; explicitFileType = wrapper.cfbundle; includeInIndex = 0; path = CourseSchedulerUITests.xctest; sourceTree = BUILT_PRODUCTS_DIR; };
		AAF543212B71E1CD00695EB9 /* CourseSchedulerUITests.swift */ = {isa = PBXFileReference; lastKnownFileType = sourcecode.swift; path = CourseSchedulerUITests.swift; sourceTree = "<group>"; };
		AAF543232B71E1CD00695EB9 /* CourseSchedulerUITestsLaunchTests.swift */ = {isa = PBXFileReference; lastKnownFileType = sourcecode.swift; path = CourseSchedulerUITestsLaunchTests.swift; sourceTree = "<group>"; };
/* End PBXFileReference section */

/* Begin PBXFrameworksBuildPhase section */
		AAF543002B71E1B600695EB9 /* Frameworks */ = {
			isa = PBXFrameworksBuildPhase;
			buildActionMask = 2147483647;
			files = (
			);
			runOnlyForDeploymentPostprocessing = 0;
		};
		AAF543102B71E1CD00695EB9 /* Frameworks */ = {
			isa = PBXFrameworksBuildPhase;
			buildActionMask = 2147483647;
			files = (
			);
			runOnlyForDeploymentPostprocessing = 0;
		};
		AAF5431A2B71E1CD00695EB9 /* Frameworks */ = {
			isa = PBXFrameworksBuildPhase;
			buildActionMask = 2147483647;
			files = (
			);
			runOnlyForDeploymentPostprocessing = 0;
		};
/* End PBXFrameworksBuildPhase section */

/* Begin PBXGroup section */
		AAF542FA2B71E1B600695EB9 = {
			isa = PBXGroup;
			children = (
				AAF543052B71E1B600695EB9 /* CourseScheduler */,
				AAF543162B71E1CD00695EB9 /* CourseSchedulerTests */,
				AAF543202B71E1CD00695EB9 /* CourseSchedulerUITests */,
				AAF543042B71E1B600695EB9 /* Products */,
			);
			sourceTree = "<group>";
		};
		AAF543042B71E1B600695EB9 /* Products */ = {
			isa = PBXGroup;
			children = (
				AAF543032B71E1B600695EB9 /* CourseScheduler.app */,
				AAF543132B71E1CD00695EB9 /* CourseSchedulerTests.xctest */,
				AAF5431D2B71E1CD00695EB9 /* CourseSchedulerUITests.xctest */,
			);
			name = Products;
			sourceTree = "<group>";
		};
		AAF543052B71E1B600695EB9 /* CourseScheduler */ = {
			isa = PBXGroup;
			children = (
				AAF543062B71E1B600695EB9 /* CourseSchedulerApp.swift */,
				AAF543082B71E1B600695EB9 /* ContentView.swift */,
				AAF5430A2B71E1CC00695EB9 /* Assets.xcassets */,
				AAF5430C2B71E1CC00695EB9 /* Preview Content */,
				AA110D352B71F8810089A4D9 /* FirebaseSetup.swift */,
			);
			path = CourseScheduler;
			sourceTree = "<group>";
		};
		AAF5430C2B71E1CC00695EB9 /* Preview Content */ = {
			isa = PBXGroup;
			children = (
				AAF5430D2B71E1CC00695EB9 /* Preview Assets.xcassets */,
			);
			path = "Preview Content";
			sourceTree = "<group>";
		};
		AAF543162B71E1CD00695EB9 /* CourseSchedulerTests */ = {
			isa = PBXGroup;
			children = (
				AAF543172B71E1CD00695EB9 /* CourseSchedulerTests.swift */,
			);
			path = CourseSchedulerTests;
			sourceTree = "<group>";
		};
		AAF543202B71E1CD00695EB9 /* CourseSchedulerUITests */ = {
			isa = PBXGroup;
			children = (
				AAF543212B71E1CD00695EB9 /* CourseSchedulerUITests.swift */,
				AAF543232B71E1CD00695EB9 /* CourseSchedulerUITestsLaunchTests.swift */,
			);
			path = CourseSchedulerUITests;
			sourceTree = "<group>";
		};
/* End PBXGroup section */

/* Begin PBXNativeTarget section */
		AAF543022B71E1B600695EB9 /* CourseScheduler */ = {
			isa = PBXNativeTarget;
			buildConfigurationList = AAF543272B71E1CD00695EB9 /* Build configuration list for PBXNativeTarget "CourseScheduler" */;
			buildPhases = (
				AAF542FF2B71E1B600695EB9 /* Sources */,
				AAF543002B71E1B600695EB9 /* Frameworks */,
				AAF543012B71E1B600695EB9 /* Resources */,
			);
			buildRules = (
			);
			dependencies = (
			);
			name = CourseScheduler;
			productName = CourseScheduler;
			productReference = AAF543032B71E1B600695EB9 /* CourseScheduler.app */;
			productType = "com.apple.product-type.application";
		};
		AAF543122B71E1CD00695EB9 /* CourseSchedulerTests */ = {
			isa = PBXNativeTarget;
			buildConfigurationList = AAF5432A2B71E1CD00695EB9 /* Build configuration list for PBXNativeTarget "CourseSchedulerTests" */;
			buildPhases = (
				AAF5430F2B71E1CD00695EB9 /* Sources */,
				AAF543102B71E1CD00695EB9 /* Frameworks */,
				AAF543112B71E1CD00695EB9 /* Resources */,
			);
			buildRules = (
			);
			dependencies = (
				AAF543152B71E1CD00695EB9 /* PBXTargetDependency */,
			);
			name = CourseSchedulerTests;
			productName = CourseSchedulerTests;
			productReference = AAF543132B71E1CD00695EB9 /* CourseSchedulerTests.xctest */;
			productType = "com.apple.product-type.bundle.unit-test";
		};
		AAF5431C2B71E1CD00695EB9 /* CourseSchedulerUITests */ = {
			isa = PBXNativeTarget;
			buildConfigurationList = AAF5432D2B71E1CD00695EB9 /* Build configuration list for PBXNativeTarget "CourseSchedulerUITests" */;
			buildPhases = (
				AAF543192B71E1CD00695EB9 /* Sources */,
				AAF5431A2B71E1CD00695EB9 /* Frameworks */,
				AAF5431B2B71E1CD00695EB9 /* Resources */,
			);
			buildRules = (
			);
			dependencies = (
				AAF5431F2B71E1CD00695EB9 /* PBXTargetDependency */,
			);
			name = CourseSchedulerUITests;
			productName = CourseSchedulerUITests;
			productReference = AAF5431D2B71E1CD00695EB9 /* CourseSchedulerUITests.xctest */;
			productType = "com.apple.product-type.bundle.ui-testing";
		};
/* End PBXNativeTarget section */

/* Begin PBXProject section */
		AAF542FB2B71E1B600695EB9 /* Project object */ = {
			isa = PBXProject;
			attributes = {
				BuildIndependentTargetsInParallel = 1;
				LastSwiftUpdateCheck = 1520;
				LastUpgradeCheck = 1520;
				TargetAttributes = {
					AAF543022B71E1B600695EB9 = {
						CreatedOnToolsVersion = 15.2;
					};
					AAF543122B71E1CD00695EB9 = {
						CreatedOnToolsVersion = 15.2;
						TestTargetID = AAF543022B71E1B600695EB9;
					};
					AAF5431C2B71E1CD00695EB9 = {
						CreatedOnToolsVersion = 15.2;
						TestTargetID = AAF543022B71E1B600695EB9;
					};
				};
			};
			buildConfigurationList = AAF542FE2B71E1B600695EB9 /* Build configuration list for PBXProject "CourseScheduler" */;
			compatibilityVersion = "Xcode 14.0";
			developmentRegion = en;
			hasScannedForEncodings = 0;
			knownRegions = (
				en,
				Base,
			);
			mainGroup = AAF542FA2B71E1B600695EB9;
			productRefGroup = AAF543042B71E1B600695EB9 /* Products */;
			projectDirPath = "";
			projectRoot = "";
			targets = (
				AAF543022B71E1B600695EB9 /* CourseScheduler */,
				AAF543122B71E1CD00695EB9 /* CourseSchedulerTests */,
				AAF5431C2B71E1CD00695EB9 /* CourseSchedulerUITests */,
			);
		};
/* End PBXProject section */

/* Begin PBXResourcesBuildPhase section */
		AAF543012B71E1B600695EB9 /* Resources */ = {
			isa = PBXResourcesBuildPhase;
			buildActionMask = 2147483647;
			files = (
				AAF5430E2B71E1CC00695EB9 /* Preview Assets.xcassets in Resources */,
				AAF5430B2B71E1CC00695EB9 /* Assets.xcassets in Resources */,
			);
			runOnlyForDeploymentPostprocessing = 0;
		};
		AAF543112B71E1CD00695EB9 /* Resources */ = {
			isa = PBXResourcesBuildPhase;
			buildActionMask = 2147483647;
			files = (
			);
			runOnlyForDeploymentPostprocessing = 0;
		};
		AAF5431B2B71E1CD00695EB9 /* Resources */ = {
			isa = PBXResourcesBuildPhase;
			buildActionMask = 2147483647;
			files = (
			);
			runOnlyForDeploymentPostprocessing = 0;
		};
/* End PBXResourcesBuildPhase section */

/* Begin PBXSourcesBuildPhase section */
		AAF542FF2B71E1B600695EB9 /* Sources */ = {
			isa = PBXSourcesBuildPhase;
			buildActionMask = 2147483647;
			files = (
				AA110D362B71F8810089A4D9 /* FirebaseSetup.swift in Sources */,
				AAF543092B71E1B600695EB9 /* ContentView.swift in Sources */,
				AAF543072B71E1B600695EB9 /* CourseSchedulerApp.swift in Sources */,
			);
			runOnlyForDeploymentPostprocessing = 0;
		};
		AAF5430F2B71E1CD00695EB9 /* Sources */ = {
			isa = PBXSourcesBuildPhase;
			buildActionMask = 2147483647;
			files = (
				AAF543182B71E1CD00695EB9 /* CourseSchedulerTests.swift in Sources */,
			);
			runOnlyForDeploymentPostprocessing = 0;
		};
		AAF543192B71E1CD00695EB9 /* Sources */ = {
			isa = PBXSourcesBuildPhase;
			buildActionMask = 2147483647;
			files = (
				AAF543222B71E1CD00695EB9 /* CourseSchedulerUITests.swift in Sources */,
				AAF543242B71E1CD00695EB9 /* CourseSchedulerUITestsLaunchTests.swift in Sources */,
			);
			runOnlyForDeploymentPostprocessing = 0;
		};
/* End PBXSourcesBuildPhase section */

/* Begin PBXTargetDependency section */
		AAF543152B71E1CD00695EB9 /* PBXTargetDependency */ = {
			isa = PBXTargetDependency;
			target = AAF543022B71E1B600695EB9 /* CourseScheduler */;
			targetProxy = AAF543142B71E1CD00695EB9 /* PBXContainerItemProxy */;
		};
		AAF5431F2B71E1CD00695EB9 /* PBXTargetDependency */ = {
			isa = PBXTargetDependency;
			target = AAF543022B71E1B600695EB9 /* CourseScheduler */;
			targetProxy = AAF5431E2B71E1CD00695EB9 /* PBXContainerItemProxy */;
		};
/* End PBXTargetDependency section */

/* Begin XCBuildConfiguration section */
		AAF543252B71E1CD00695EB9 /* Debug */ = {
			isa = XCBuildConfiguration;
			buildSettings = {
				ALWAYS_SEARCH_USER_PATHS = NO;
				ASSETCATALOG_COMPILER_GENERATE_SWIFT_ASSET_SYMBOL_EXTENSIONS = YES;
				CLANG_ANALYZER_NONNULL = YES;
				CLANG_ANALYZER_NUMBER_OBJECT_CONVERSION = YES_AGGRESSIVE;
				CLANG_CXX_LANGUAGE_STANDARD = "gnu++20";
				CLANG_ENABLE_MODULES = YES;
				CLANG_ENABLE_OBJC_ARC = YES;
				CLANG_ENABLE_OBJC_WEAK = YES;
				CLANG_WARN_BLOCK_CAPTURE_AUTORELEASING = YES;
				CLANG_WARN_BOOL_CONVERSION = YES;
				CLANG_WARN_COMMA = YES;
				CLANG_WARN_CONSTANT_CONVERSION = YES;
				CLANG_WARN_DEPRECATED_OBJC_IMPLEMENTATIONS = YES;
				CLANG_WARN_DIRECT_OBJC_ISA_USAGE = YES_ERROR;
				CLANG_WARN_DOCUMENTATION_COMMENTS = YES;
				CLANG_WARN_EMPTY_BODY = YES;
				CLANG_WARN_ENUM_CONVERSION = YES;
				CLANG_WARN_INFINITE_RECURSION = YES;
				CLANG_WARN_INT_CONVERSION = YES;
				CLANG_WARN_NON_LITERAL_NULL_CONVERSION = YES;
				CLANG_WARN_OBJC_IMPLICIT_RETAIN_SELF = YES;
				CLANG_WARN_OBJC_LITERAL_CONVERSION = YES;
				CLANG_WARN_OBJC_ROOT_CLASS = YES_ERROR;
				CLANG_WARN_QUOTED_INCLUDE_IN_FRAMEWORK_HEADER = YES;
				CLANG_WARN_RANGE_LOOP_ANALYSIS = YES;
				CLANG_WARN_STRICT_PROTOTYPES = YES;
				CLANG_WARN_SUSPICIOUS_MOVE = YES;
				CLANG_WARN_UNGUARDED_AVAILABILITY = YES_AGGRESSIVE;
				CLANG_WARN_UNREACHABLE_CODE = YES;
				CLANG_WARN__DUPLICATE_METHOD_MATCH = YES;
				COPY_PHASE_STRIP = NO;
				DEBUG_INFORMATION_FORMAT = dwarf;
				ENABLE_STRICT_OBJC_MSGSEND = YES;
				ENABLE_TESTABILITY = YES;
				ENABLE_USER_SCRIPT_SANDBOXING = YES;
				GCC_C_LANGUAGE_STANDARD = gnu17;
				GCC_DYNAMIC_NO_PIC = NO;
				GCC_NO_COMMON_BLOCKS = YES;
				GCC_OPTIMIZATION_LEVEL = 0;
				GCC_PREPROCESSOR_DEFINITIONS = (
					"DEBUG=1",
					"$(inherited)",
				);
				GCC_WARN_64_TO_32_BIT_CONVERSION = YES;
				GCC_WARN_ABOUT_RETURN_TYPE = YES_ERROR;
				GCC_WARN_UNDECLARED_SELECTOR = YES;
				GCC_WARN_UNINITIALIZED_AUTOS = YES_AGGRESSIVE;
				GCC_WARN_UNUSED_FUNCTION = YES;
				GCC_WARN_UNUSED_VARIABLE = YES;
				IPHONEOS_DEPLOYMENT_TARGET = 17.2;
				LOCALIZATION_PREFERS_STRING_CATALOGS = YES;
				MTL_ENABLE_DEBUG_INFO = INCLUDE_SOURCE;
				MTL_FAST_MATH = YES;
				ONLY_ACTIVE_ARCH = YES;
				SDKROOT = iphoneos;
				SWIFT_ACTIVE_COMPILATION_CONDITIONS = "DEBUG $(inherited)";
				SWIFT_OPTIMIZATION_LEVEL = "-Onone";
			};
			name = Debug;
		};
		AAF543262B71E1CD00695EB9 /* Release */ = {
			isa = XCBuildConfiguration;
			buildSettings = {
				ALWAYS_SEARCH_USER_PATHS = NO;
				ASSETCATALOG_COMPILER_GENERATE_SWIFT_ASSET_SYMBOL_EXTENSIONS = YES;
				CLANG_ANALYZER_NONNULL = YES;
				CLANG_ANALYZER_NUMBER_OBJECT_CONVERSION = YES_AGGRESSIVE;
				CLANG_CXX_LANGUAGE_STANDARD = "gnu++20";
				CLANG_ENABLE_MODULES = YES;
				CLANG_ENABLE_OBJC_ARC = YES;
				CLANG_ENABLE_OBJC_WEAK = YES;
				CLANG_WARN_BLOCK_CAPTURE_AUTORELEASING = YES;
				CLANG_WARN_BOOL_CONVERSION = YES;
				CLANG_WARN_COMMA = YES;
				CLANG_WARN_CONSTANT_CONVERSION = YES;
				CLANG_WARN_DEPRECATED_OBJC_IMPLEMENTATIONS = YES;
				CLANG_WARN_DIRECT_OBJC_ISA_USAGE = YES_ERROR;
				CLANG_WARN_DOCUMENTATION_COMMENTS = YES;
				CLANG_WARN_EMPTY_BODY = YES;
				CLANG_WARN_ENUM_CONVERSION = YES;
				CLANG_WARN_INFINITE_RECURSION = YES;
				CLANG_WARN_INT_CONVERSION = YES;
				CLANG_WARN_NON_LITERAL_NULL_CONVERSION = YES;
				CLANG_WARN_OBJC_IMPLICIT_RETAIN_SELF = YES;
				CLANG_WARN_OBJC_LITERAL_CONVERSION = YES;
				CLANG_WARN_OBJC_ROOT_CLASS = YES_ERROR;
				CLANG_WARN_QUOTED_INCLUDE_IN_FRAMEWORK_HEADER = YES;
				CLANG_WARN_RANGE_LOOP_ANALYSIS = YES;
				CLANG_WARN_STRICT_PROTOTYPES = YES;
				CLANG_WARN_SUSPICIOUS_MOVE = YES;
				CLANG_WARN_UNGUARDED_AVAILABILITY = YES_AGGRESSIVE;
				CLANG_WARN_UNREACHABLE_CODE = YES;
				CLANG_WARN__DUPLICATE_METHOD_MATCH = YES;
				COPY_PHASE_STRIP = NO;
				DEBUG_INFORMATION_FORMAT = "dwarf-with-dsym";
				ENABLE_NS_ASSERTIONS = NO;
				ENABLE_STRICT_OBJC_MSGSEND = YES;
				ENABLE_USER_SCRIPT_SANDBOXING = YES;
				GCC_C_LANGUAGE_STANDARD = gnu17;
				GCC_NO_COMMON_BLOCKS = YES;
				GCC_WARN_64_TO_32_BIT_CONVERSION = YES;
				GCC_WARN_ABOUT_RETURN_TYPE = YES_ERROR;
				GCC_WARN_UNDECLARED_SELECTOR = YES;
				GCC_WARN_UNINITIALIZED_AUTOS = YES_AGGRESSIVE;
				GCC_WARN_UNUSED_FUNCTION = YES;
				GCC_WARN_UNUSED_VARIABLE = YES;
				IPHONEOS_DEPLOYMENT_TARGET = 17.2;
				LOCALIZATION_PREFERS_STRING_CATALOGS = YES;
				MTL_ENABLE_DEBUG_INFO = NO;
				MTL_FAST_MATH = YES;
				SDKROOT = iphoneos;
				SWIFT_COMPILATION_MODE = wholemodule;
				VALIDATE_PRODUCT = YES;
			};
			name = Release;
		};
		AAF543282B71E1CD00695EB9 /* Debug */ = {
			isa = XCBuildConfiguration;
			buildSettings = {
				ASSETCATALOG_COMPILER_APPICON_NAME = AppIcon;
				ASSETCATALOG_COMPILER_GLOBAL_ACCENT_COLOR_NAME = AccentColor;
				CODE_SIGN_STYLE = Automatic;
				CURRENT_PROJECT_VERSION = 1;
				DEVELOPMENT_ASSET_PATHS = "\"CourseScheduler/Preview Content\"";
				DEVELOPMENT_TEAM = S7R5375264;
				ENABLE_PREVIEWS = YES;
				GENERATE_INFOPLIST_FILE = YES;
				INFOPLIST_KEY_UIApplicationSceneManifest_Generation = YES;
				INFOPLIST_KEY_UIApplicationSupportsIndirectInputEvents = YES;
				INFOPLIST_KEY_UILaunchScreen_Generation = YES;
				INFOPLIST_KEY_UISupportedInterfaceOrientations_iPad = "UIInterfaceOrientationPortrait UIInterfaceOrientationPortraitUpsideDown UIInterfaceOrientationLandscapeLeft UIInterfaceOrientationLandscapeRight";
				INFOPLIST_KEY_UISupportedInterfaceOrientations_iPhone = "UIInterfaceOrientationPortrait UIInterfaceOrientationLandscapeLeft UIInterfaceOrientationLandscapeRight";
				LD_RUNPATH_SEARCH_PATHS = (
					"$(inherited)",
					"@executable_path/Frameworks",
				);
				MARKETING_VERSION = 1.0;
				PRODUCT_BUNDLE_IDENTIFIER = ZipperTax.CourseScheduler;
				PRODUCT_NAME = "$(TARGET_NAME)";
				SWIFT_EMIT_LOC_STRINGS = YES;
				SWIFT_VERSION = 5.0;
				TARGETED_DEVICE_FAMILY = "1,2";
			};
			name = Debug;
		};
		AAF543292B71E1CD00695EB9 /* Release */ = {
			isa = XCBuildConfiguration;
			buildSettings = {
				ASSETCATALOG_COMPILER_APPICON_NAME = AppIcon;
				ASSETCATALOG_COMPILER_GLOBAL_ACCENT_COLOR_NAME = AccentColor;
				CODE_SIGN_STYLE = Automatic;
				CURRENT_PROJECT_VERSION = 1;
				DEVELOPMENT_ASSET_PATHS = "\"CourseScheduler/Preview Content\"";
				DEVELOPMENT_TEAM = S7R5375264;
				ENABLE_PREVIEWS = YES;
				GENERATE_INFOPLIST_FILE = YES;
				INFOPLIST_KEY_UIApplicationSceneManifest_Generation = YES;
				INFOPLIST_KEY_UIApplicationSupportsIndirectInputEvents = YES;
				INFOPLIST_KEY_UILaunchScreen_Generation = YES;
				INFOPLIST_KEY_UISupportedInterfaceOrientations_iPad = "UIInterfaceOrientationPortrait UIInterfaceOrientationPortraitUpsideDown UIInterfaceOrientationLandscapeLeft UIInterfaceOrientationLandscapeRight";
				INFOPLIST_KEY_UISupportedInterfaceOrientations_iPhone = "UIInterfaceOrientationPortrait UIInterfaceOrientationLandscapeLeft UIInterfaceOrientationLandscapeRight";
				LD_RUNPATH_SEARCH_PATHS = (
					"$(inherited)",
					"@executable_path/Frameworks",
				);
				MARKETING_VERSION = 1.0;
				PRODUCT_BUNDLE_IDENTIFIER = ZipperTax.CourseScheduler;
				PRODUCT_NAME = "$(TARGET_NAME)";
				SWIFT_EMIT_LOC_STRINGS = YES;
				SWIFT_VERSION = 5.0;
				TARGETED_DEVICE_FAMILY = "1,2";
			};
			name = Release;
		};
		AAF5432B2B71E1CD00695EB9 /* Debug */ = {
			isa = XCBuildConfiguration;
			buildSettings = {
				ALWAYS_EMBED_SWIFT_STANDARD_LIBRARIES = YES;
				BUNDLE_LOADER = "$(TEST_HOST)";
				CODE_SIGN_STYLE = Automatic;
				CURRENT_PROJECT_VERSION = 1;
				DEVELOPMENT_TEAM = S7R5375264;
				GENERATE_INFOPLIST_FILE = YES;
				IPHONEOS_DEPLOYMENT_TARGET = 17.2;
				MARKETING_VERSION = 1.0;
				PRODUCT_BUNDLE_IDENTIFIER = ZipperTax.CourseSchedulerTests;
				PRODUCT_NAME = "$(TARGET_NAME)";
				SWIFT_EMIT_LOC_STRINGS = NO;
				SWIFT_VERSION = 5.0;
				TARGETED_DEVICE_FAMILY = "1,2";
				TEST_HOST = "$(BUILT_PRODUCTS_DIR)/CourseScheduler.app/$(BUNDLE_EXECUTABLE_FOLDER_PATH)/CourseScheduler";
			};
			name = Debug;
		};
		AAF5432C2B71E1CD00695EB9 /* Release */ = {
			isa = XCBuildConfiguration;
			buildSettings = {
				ALWAYS_EMBED_SWIFT_STANDARD_LIBRARIES = YES;
				BUNDLE_LOADER = "$(TEST_HOST)";
				CODE_SIGN_STYLE = Automatic;
				CURRENT_PROJECT_VERSION = 1;
				DEVELOPMENT_TEAM = S7R5375264;
				GENERATE_INFOPLIST_FILE = YES;
				IPHONEOS_DEPLOYMENT_TARGET = 17.2;
				MARKETING_VERSION = 1.0;
				PRODUCT_BUNDLE_IDENTIFIER = ZipperTax.CourseSchedulerTests;
				PRODUCT_NAME = "$(TARGET_NAME)";
				SWIFT_EMIT_LOC_STRINGS = NO;
				SWIFT_VERSION = 5.0;
				TARGETED_DEVICE_FAMILY = "1,2";
				TEST_HOST = "$(BUILT_PRODUCTS_DIR)/CourseScheduler.app/$(BUNDLE_EXECUTABLE_FOLDER_PATH)/CourseScheduler";
			};
			name = Release;
		};
		AAF5432E2B71E1CD00695EB9 /* Debug */ = {
			isa = XCBuildConfiguration;
			buildSettings = {
				ALWAYS_EMBED_SWIFT_STANDARD_LIBRARIES = YES;
				CODE_SIGN_STYLE = Automatic;
				CURRENT_PROJECT_VERSION = 1;
				DEVELOPMENT_TEAM = S7R5375264;
				GENERATE_INFOPLIST_FILE = YES;
				MARKETING_VERSION = 1.0;
				PRODUCT_BUNDLE_IDENTIFIER = ZipperTax.CourseSchedulerUITests;
				PRODUCT_NAME = "$(TARGET_NAME)";
				SWIFT_EMIT_LOC_STRINGS = NO;
				SWIFT_VERSION = 5.0;
				TARGETED_DEVICE_FAMILY = "1,2";
				TEST_TARGET_NAME = CourseScheduler;
			};
			name = Debug;
		};
		AAF5432F2B71E1CD00695EB9 /* Release */ = {
			isa = XCBuildConfiguration;
			buildSettings = {
				ALWAYS_EMBED_SWIFT_STANDARD_LIBRARIES = YES;
				CODE_SIGN_STYLE = Automatic;
				CURRENT_PROJECT_VERSION = 1;
				DEVELOPMENT_TEAM = S7R5375264;
				GENERATE_INFOPLIST_FILE = YES;
				MARKETING_VERSION = 1.0;
				PRODUCT_BUNDLE_IDENTIFIER = ZipperTax.CourseSchedulerUITests;
				PRODUCT_NAME = "$(TARGET_NAME)";
				SWIFT_EMIT_LOC_STRINGS = NO;
				SWIFT_VERSION = 5.0;
				TARGETED_DEVICE_FAMILY = "1,2";
				TEST_TARGET_NAME = CourseScheduler;
			};
			name = Release;
		};
/* End XCBuildConfiguration section */

/* Begin XCConfigurationList section */
		AAF542FE2B71E1B600695EB9 /* Build configuration list for PBXProject "CourseScheduler" */ = {
			isa = XCConfigurationList;
			buildConfigurations = (
				AAF543252B71E1CD00695EB9 /* Debug */,
				AAF543262B71E1CD00695EB9 /* Release */,
			);
			defaultConfigurationIsVisible = 0;
			defaultConfigurationName = Release;
		};
		AAF543272B71E1CD00695EB9 /* Build configuration list for PBXNativeTarget "CourseScheduler" */ = {
			isa = XCConfigurationList;
			buildConfigurations = (
				AAF543282B71E1CD00695EB9 /* Debug */,
				AAF543292B71E1CD00695EB9 /* Release */,
			);
			defaultConfigurationIsVisible = 0;
			defaultConfigurationName = Release;
		};
		AAF5432A2B71E1CD00695EB9 /* Build configuration list for PBXNativeTarget "CourseSchedulerTests" */ = {
			isa = XCConfigurationList;
			buildConfigurations = (
				AAF5432B2B71E1CD00695EB9 /* Debug */,
				AAF5432C2B71E1CD00695EB9 /* Release */,
			);
			defaultConfigurationIsVisible = 0;
			defaultConfigurationName = Release;
		};
		AAF5432D2B71E1CD00695EB9 /* Build configuration list for PBXNativeTarget "CourseSchedulerUITests" */ = {
			isa = XCConfigurationList;
			buildConfigurations = (
				AAF5432E2B71E1CD00695EB9 /* Debug */,
				AAF5432F2B71E1CD00695EB9 /* Release */,
			);
			defaultConfigurationIsVisible = 0;
			defaultConfigurationName = Release;
		};
/* End XCConfigurationList section */
	};
	rootObject = AAF542FB2B71E1B600695EB9 /* Project object */;
}
